speakeasyVersion: 1.525.2
sources:
    GustoEmbedded-OAS:
        sourceNamespace: gusto-embedded-oas
        sourceRevisionDigest: sha256:58a71327018a7afe5b9f0737ddaa07c00dbd209bec679dbc4389cf0061310f02
        sourceBlobDigest: sha256:687842f700a87c82ba30231cdecaba3b0af5bfa152abe16b3f6cea7d355b151d
        tags:
            - latest
            - speakeasy-sdk-regen-1743034410
            - "2024-04-01"
targets:
    gusto-embedded:
        source: GustoEmbedded-OAS
        sourceNamespace: gusto-embedded-oas
        sourceRevisionDigest: sha256:58a71327018a7afe5b9f0737ddaa07c00dbd209bec679dbc4389cf0061310f02
        sourceBlobDigest: sha256:687842f700a87c82ba30231cdecaba3b0af5bfa152abe16b3f6cea7d355b151d
        codeSamplesNamespace: gusto-embedded-oas-typescript-code-samples
        codeSamplesRevisionDigest: sha256:f0c4ec1629c73d598c5686b49c7f9c45d349f8858603e3a781c2bebd6de397a5
workflow:
    workflowVersion: 1.0.0
    speakeasyVersion: latest
    sources:
        GustoEmbedded-OAS:
            inputs:
                - location: https://raw.githubusercontent.com/Gusto/Gusto-Partner-API/refs/heads/main/generated/embedded/api.v2024-04-01.embedded.yaml
                  authHeader: Authorization
                  authSecret: $openapi_doc_auth_token
            overlays:
                - location: https://raw.githubusercontent.com/Gusto/Gusto-Partner-API/refs/heads/main/.speakeasy/speakeasy-modifications-overlay.yaml
                  authHeader: Authorization
                  authSecret: $openapi_doc_auth_token
            registry:
                location: registry.speakeasyapi.dev/gusto/ruby-sdk/gusto-embedded-oas
    targets:
        gusto-embedded:
            target: typescript
            source: GustoEmbedded-OAS
            output: ./gusto_embedded
            publish:
                npm:
                    token: $npm_token
            codeSamples:
                registry:
                    location: registry.speakeasyapi.dev/gusto/ruby-sdk/gusto-embedded-oas-typescript-code-samples
                labelOverride:
                    fixedValue: Typescript (SDK)
