speakeasyVersion: 1.476.0
sources:
    GustoEmbedded-OAS:
        sourceNamespace: gusto-embedded-oas
        sourceRevisionDigest: sha256:87b60bce94cefb19e7d1d550fc08554d689892ea9f656c3ab3097a9c13f5b8dc
        sourceBlobDigest: sha256:4690b51f54f8cdcd650967cfb7fea502a4fc64250aa9eab064cbfba4531e72d3
        tags:
            - latest
            - "2024-04-01"
targets:
    gusto-embedded:
        source: GustoEmbedded-OAS
        sourceNamespace: gusto-embedded-oas
        sourceRevisionDigest: sha256:87b60bce94cefb19e7d1d550fc08554d689892ea9f656c3ab3097a9c13f5b8dc
        sourceBlobDigest: sha256:4690b51f54f8cdcd650967cfb7fea502a4fc64250aa9eab064cbfba4531e72d3
        codeSamplesNamespace: gusto-embedded-oas-typescript-code-samples
        codeSamplesRevisionDigest: sha256:32ce2860ec35ba0dc3533f19a3481abf19e35a68bcc8b7d4560a59226a5f1989
workflow:
    workflowVersion: 1.0.0
    speakeasyVersion: latest
    sources:
        GustoEmbedded-OAS:
            inputs:
                - location: https://raw.githubusercontent.com/Gusto/Gusto-Partner-API/refs/heads/ar/new-github-action/generated/embedded/api.v2024-04-01.embedded.yaml
                  authHeader: Authorization
                  authSecret: $openapi_doc_auth_token
            overlays:
                - location: .speakeasy/speakeasy-modifications-overlay.yaml
            registry:
                location: registry.speakeasyapi.dev/gusto/ruby-sdk/gusto-embedded-oas
    targets:
        gusto-embedded:
            target: typescript
            source: GustoEmbedded-OAS
            codeSamples:
                registry:
                    location: registry.speakeasyapi.dev/gusto/ruby-sdk/gusto-embedded-oas-typescript-code-samples
                labelOverride:
                    fixedValue: Typescript (SDK)
                blocking: false
